
Microsoft Visual Studio Solution File, Format Version 12.00
# Visual Studio Version 16
VisualStudioVersion = 16.0.808.5
MinimumVisualStudioVersion = 10.0.40219.1
Project("{FAE04EC0-301F-11D3-BF4B-00C04F79EFBC}") = "Investo", "Investo\Investo.csproj", "{5ADF5E85-7E75-4FCC-A9F2-34F6F556530F}"
EndProject
Global
	GlobalSection(SolutionConfigurationPlatforms) = preSolution
		Debug|Any CPU = Debug|Any CPU
		Release|Any CPU = Release|Any CPU
	EndGlobalSection
	GlobalSection(ProjectConfigurationPlatforms) = postSolution
		{5ADF5E85-7E75-4FCC-A9F2-34F6F556530F}.Debug|Any CPU.ActiveCfg = Debug|Any CPU
		{5ADF5E85-7E75-4FCC-A9F2-34F6F556530F}.Debug|Any CPU.Build.0 = Debug|Any CPU
		{5ADF5E85-7E75-4FCC-A9F2-34F6F556530F}.Release|Any CPU.ActiveCfg = Release|Any CPU
		{5ADF5E85-7E75-4FCC-A9F2-34F6F556530F}.Release|Any CPU.Build.0 = Release|Any CPU
	EndGlobalSection
	GlobalSection(SolutionProperties) = preSolution
		HideSolutionNode = FALSE
	EndGlobalSection
	GlobalSection(ExtensibilityGlobals) = postSolution
		SolutionGuid = {EA11D265-8898-460B-9451-F49CFEB9525A}
	EndGlobalSection
EndGlobal
